{
  "name": "steam-url",
  "version": "1.0.0",
  "lockfileVersion": 1,
  "requires": true,
  "dependencies": {
    "steamapi": {
      "version": "2.1.3",
      "resolved": "https://registry.npmjs.org/steamapi/-/steamapi-2.1.3.tgz",
      "integrity": "sha512-lMJcHhNXN5jU4TgIZYWoyth9b9Cp+1slL6JgpoaLZVC7cVBwDYV8gChYP8EMhY8/4eR+Nh3jn7cVE/aKmq8UeQ=="
    }
  }
}
